
Microsoft Visual Studio Solution File, Format Version 12.00
# Visual Studio Version 17
VisualStudioVersion = 17.8.34408.163
MinimumVisualStudioVersion = 10.0.40219.1
Project("{FAE04EC0-301F-11D3-BF4B-00C04F79EFBC}") = "SMSLibrary", "SMSLibrary\SMSLibrary.csproj", "{4B88BF44-2714-4F03-AD3E-FAC764075ED5}"
EndProject
Project("{FAE04EC0-301F-11D3-BF4B-00C04F79EFBC}") = "WpfAppSMS", "WpfAppSMS\WpfAppSMS.csproj", "{381377D2-FD19-420A-80C7-CD587E32CE2B}"
EndProject
Global
	GlobalSection(SolutionConfigurationPlatforms) = preSolution
		Debug|Any CPU = Debug|Any CPU
		Release|Any CPU = Release|Any CPU
	EndGlobalSection
	GlobalSection(ProjectConfigurationPlatforms) = postSolution
		{4B88BF44-2714-4F03-AD3E-FAC764075ED5}.Debug|Any CPU.ActiveCfg = Debug|Any CPU
		{4B88BF44-2714-4F03-AD3E-FAC764075ED5}.Debug|Any CPU.Build.0 = Debug|Any CPU
		{4B88BF44-2714-4F03-AD3E-FAC764075ED5}.Release|Any CPU.ActiveCfg = Release|Any CPU
		{4B88BF44-2714-4F03-AD3E-FAC764075ED5}.Release|Any CPU.Build.0 = Release|Any CPU
		{381377D2-FD19-420A-80C7-CD587E32CE2B}.Debug|Any CPU.ActiveCfg = Debug|Any CPU
		{381377D2-FD19-420A-80C7-CD587E32CE2B}.Debug|Any CPU.Build.0 = Debug|Any CPU
		{381377D2-FD19-420A-80C7-CD587E32CE2B}.Release|Any CPU.ActiveCfg = Release|Any CPU
		{381377D2-FD19-420A-80C7-CD587E32CE2B}.Release|Any CPU.Build.0 = Release|Any CPU
	EndGlobalSection
	GlobalSection(SolutionProperties) = preSolution
		HideSolutionNode = FALSE
	EndGlobalSection
	GlobalSection(ExtensibilityGlobals) = postSolution
		SolutionGuid = {88CC1C05-321A-49F7-99EF-70AB9A7D6B5D}
	EndGlobalSection
EndGlobal
